
Microsoft Visual Studio Solution File, Format Version 12.00
# Visual Studio 15
VisualStudioVersion = 15.0.27428.1
MinimumVisualStudioVersion = 10.0.40219.1
Project("{FAE04EC0-301F-11D3-BF4B-00C04F79EFBC}") = "Money", "Money\Money.csproj", "{AB7248DF-774A-41C2-95B4-E7BD0B5C3748}"
EndProject
Global
	GlobalSection(SolutionConfigurationPlatforms) = preSolution
		Debug|Any CPU = Debug|Any CPU
		Release|Any CPU = Release|Any CPU
	EndGlobalSection
	GlobalSection(ProjectConfigurationPlatforms) = postSolution
		{AB7248DF-774A-41C2-95B4-E7BD0B5C3748}.Debug|Any CPU.ActiveCfg = Debug|Any CPU
		{AB7248DF-774A-41C2-95B4-E7BD0B5C3748}.Debug|Any CPU.Build.0 = Debug|Any CPU
		{AB7248DF-774A-41C2-95B4-E7BD0B5C3748}.Release|Any CPU.ActiveCfg = Release|Any CPU
		{AB7248DF-774A-41C2-95B4-E7BD0B5C3748}.Release|Any CPU.Build.0 = Release|Any CPU
	EndGlobalSection
	GlobalSection(SolutionProperties) = preSolution
		HideSolutionNode = FALSE
	EndGlobalSection
	GlobalSection(ExtensibilityGlobals) = postSolution
		SolutionGuid = {12B0B58A-F040-4A01-AE21-D1C36D7159C1}
	EndGlobalSection
EndGlobal
